
Microsoft Visual Studio Solution File, Format Version 12.00
# Visual Studio 15
VisualStudioVersion = 15.0.26430.15
MinimumVisualStudioVersion = 10.0.40219.1
Project("{FAE04EC0-301F-11D3-BF4B-00C04F79EFBC}") = "SpaceShooter", "SpaceShooter\SpaceShooter.csproj", "{CE349A39-079F-4E26-BF7E-3114DD94BF39}"
EndProject
Global
	GlobalSection(SolutionConfigurationPlatforms) = preSolution
		Debug|Any CPU = Debug|Any CPU
		Debug|x64 = Debug|x64
		Release|Any CPU = Release|Any CPU
		Release|x64 = Release|x64
	EndGlobalSection
	GlobalSection(ProjectConfigurationPlatforms) = postSolution
		{CE349A39-079F-4E26-BF7E-3114DD94BF39}.Debug|Any CPU.ActiveCfg = Debug|x64
		{CE349A39-079F-4E26-BF7E-3114DD94BF39}.Debug|Any CPU.Build.0 = Debug|x64
		{CE349A39-079F-4E26-BF7E-3114DD94BF39}.Debug|x64.ActiveCfg = Debug|x64
		{CE349A39-079F-4E26-BF7E-3114DD94BF39}.Debug|x64.Build.0 = Debug|x64
		{CE349A39-079F-4E26-BF7E-3114DD94BF39}.Release|Any CPU.ActiveCfg = Release|Any CPU
		{CE349A39-079F-4E26-BF7E-3114DD94BF39}.Release|Any CPU.Build.0 = Release|Any CPU
		{CE349A39-079F-4E26-BF7E-3114DD94BF39}.Release|x64.ActiveCfg = Release|x64
		{CE349A39-079F-4E26-BF7E-3114DD94BF39}.Release|x64.Build.0 = Release|x64
	EndGlobalSection
	GlobalSection(SolutionProperties) = preSolution
		HideSolutionNode = FALSE
	EndGlobalSection
EndGlobal
